
Microsoft Visual Studio Solution File, Format Version 12.00
# Visual Studio Version 16
VisualStudioVersion = 16.0.32126.315
MinimumVisualStudioVersion = 10.0.40219.1
Project("{2150E333-8FDC-42A3-9474-1A3956D46DE8}") = "FrontEnd", "FrontEnd", "{DFBC572A-B3E2-4F07-9275-D19B37F06C33}"
EndProject
Project("{9A19103F-16F7-4668-BE54-9A1E7A4F7556}") = "MicroservicesApp.Web", "MicroservicesApp.Web\MicroservicesApp.Web.csproj", "{17BAC34E-8F49-4C9A-A57D-AC4F6F62076F}"
EndProject
Project("{2150E333-8FDC-42A3-9474-1A3956D46DE8}") = "Services", "Services", "{60C3AF7A-AF57-438C-9F83-61645E7CD4A6}"
EndProject
Project("{9A19103F-16F7-4668-BE54-9A1E7A4F7556}") = "MicroservicesApp.Services.ProductAPI", "MicroservicesApp.Services.ProductAPI\MicroservicesApp.Services.ProductAPI.csproj", "{E04686D5-4F61-476A-A80A-FF97B361CF99}"
EndProject
Project("{9A19103F-16F7-4668-BE54-9A1E7A4F7556}") = "MicroservicesApp.Services.Identity", "MicroservicesApp.Services.Identity\MicroservicesApp.Services.Identity.csproj", "{57826931-8AB2-4BFB-A373-C5E5B3E36857}"
EndProject
Project("{9A19103F-16F7-4668-BE54-9A1E7A4F7556}") = "MicroservicesApp.Services.ShoppingCartAPI", "MicroservicesApp.Services.ShoppingCartAPI\MicroservicesApp.Services.ShoppingCartAPI.csproj", "{09F6FE17-6D16-4D21-8656-D77C780B74C7}"
EndProject
Project("{9A19103F-16F7-4668-BE54-9A1E7A4F7556}") = "MicroservicesApp.Services.CouponAPI", "MicroservicesApp.Services.CouponAPI\MicroservicesApp.Services.CouponAPI.csproj", "{BF35F4EE-8E29-4004-A899-6AC164953DCD}"
EndProject
Project("{2150E333-8FDC-42A3-9474-1A3956D46DE8}") = "Integration", "Integration", "{F68EA8CF-891E-442B-BD1A-E399F0877699}"
EndProject
Project("{9A19103F-16F7-4668-BE54-9A1E7A4F7556}") = "MicroservicesApp.MessageBus", "MicroservicesApp.MessageBus\MicroservicesApp.MessageBus.csproj", "{9242D98D-B43E-471D-8806-98431A31D940}"
EndProject
Project("{FAE04EC0-301F-11D3-BF4B-00C04F79EFBC}") = "MicroservicesApp.Services.OrderAPI", "MicroservicesApp.Services.OrderAPI\MicroservicesApp.Services.OrderAPI.csproj", "{CDCE3E34-05D3-4769-BB31-6417CB59BD7D}"
EndProject
Global
	GlobalSection(SolutionConfigurationPlatforms) = preSolution
		Debug|Any CPU = Debug|Any CPU
		Release|Any CPU = Release|Any CPU
	EndGlobalSection
	GlobalSection(ProjectConfigurationPlatforms) = postSolution
		{17BAC34E-8F49-4C9A-A57D-AC4F6F62076F}.Debug|Any CPU.ActiveCfg = Debug|Any CPU
		{17BAC34E-8F49-4C9A-A57D-AC4F6F62076F}.Debug|Any CPU.Build.0 = Debug|Any CPU
		{17BAC34E-8F49-4C9A-A57D-AC4F6F62076F}.Release|Any CPU.ActiveCfg = Release|Any CPU
		{17BAC34E-8F49-4C9A-A57D-AC4F6F62076F}.Release|Any CPU.Build.0 = Release|Any CPU
		{E04686D5-4F61-476A-A80A-FF97B361CF99}.Debug|Any CPU.ActiveCfg = Debug|Any CPU
		{E04686D5-4F61-476A-A80A-FF97B361CF99}.Debug|Any CPU.Build.0 = Debug|Any CPU
		{E04686D5-4F61-476A-A80A-FF97B361CF99}.Release|Any CPU.ActiveCfg = Release|Any CPU
		{E04686D5-4F61-476A-A80A-FF97B361CF99}.Release|Any CPU.Build.0 = Release|Any CPU
		{57826931-8AB2-4BFB-A373-C5E5B3E36857}.Debug|Any CPU.ActiveCfg = Debug|Any CPU
		{57826931-8AB2-4BFB-A373-C5E5B3E36857}.Debug|Any CPU.Build.0 = Debug|Any CPU
		{57826931-8AB2-4BFB-A373-C5E5B3E36857}.Release|Any CPU.ActiveCfg = Release|Any CPU
		{57826931-8AB2-4BFB-A373-C5E5B3E36857}.Release|Any CPU.Build.0 = Release|Any CPU
		{09F6FE17-6D16-4D21-8656-D77C780B74C7}.Debug|Any CPU.ActiveCfg = Debug|Any CPU
		{09F6FE17-6D16-4D21-8656-D77C780B74C7}.Debug|Any CPU.Build.0 = Debug|Any CPU
		{09F6FE17-6D16-4D21-8656-D77C780B74C7}.Release|Any CPU.ActiveCfg = Release|Any CPU
		{09F6FE17-6D16-4D21-8656-D77C780B74C7}.Release|Any CPU.Build.0 = Release|Any CPU
		{BF35F4EE-8E29-4004-A899-6AC164953DCD}.Debug|Any CPU.ActiveCfg = Debug|Any CPU
		{BF35F4EE-8E29-4004-A899-6AC164953DCD}.Debug|Any CPU.Build.0 = Debug|Any CPU
		{BF35F4EE-8E29-4004-A899-6AC164953DCD}.Release|Any CPU.ActiveCfg = Release|Any CPU
		{BF35F4EE-8E29-4004-A899-6AC164953DCD}.Release|Any CPU.Build.0 = Release|Any CPU
		{9242D98D-B43E-471D-8806-98431A31D940}.Debug|Any CPU.ActiveCfg = Debug|Any CPU
		{9242D98D-B43E-471D-8806-98431A31D940}.Debug|Any CPU.Build.0 = Debug|Any CPU
		{9242D98D-B43E-471D-8806-98431A31D940}.Release|Any CPU.ActiveCfg = Release|Any CPU
		{9242D98D-B43E-471D-8806-98431A31D940}.Release|Any CPU.Build.0 = Release|Any CPU
		{CDCE3E34-05D3-4769-BB31-6417CB59BD7D}.Debug|Any CPU.ActiveCfg = Debug|Any CPU
		{CDCE3E34-05D3-4769-BB31-6417CB59BD7D}.Debug|Any CPU.Build.0 = Debug|Any CPU
		{CDCE3E34-05D3-4769-BB31-6417CB59BD7D}.Release|Any CPU.ActiveCfg = Release|Any CPU
		{CDCE3E34-05D3-4769-BB31-6417CB59BD7D}.Release|Any CPU.Build.0 = Release|Any CPU
	EndGlobalSection
	GlobalSection(SolutionProperties) = preSolution
		HideSolutionNode = FALSE
	EndGlobalSection
	GlobalSection(NestedProjects) = preSolution
		{17BAC34E-8F49-4C9A-A57D-AC4F6F62076F} = {DFBC572A-B3E2-4F07-9275-D19B37F06C33}
		{E04686D5-4F61-476A-A80A-FF97B361CF99} = {60C3AF7A-AF57-438C-9F83-61645E7CD4A6}
		{57826931-8AB2-4BFB-A373-C5E5B3E36857} = {60C3AF7A-AF57-438C-9F83-61645E7CD4A6}
		{09F6FE17-6D16-4D21-8656-D77C780B74C7} = {60C3AF7A-AF57-438C-9F83-61645E7CD4A6}
		{BF35F4EE-8E29-4004-A899-6AC164953DCD} = {60C3AF7A-AF57-438C-9F83-61645E7CD4A6}
		{9242D98D-B43E-471D-8806-98431A31D940} = {F68EA8CF-891E-442B-BD1A-E399F0877699}
		{CDCE3E34-05D3-4769-BB31-6417CB59BD7D} = {60C3AF7A-AF57-438C-9F83-61645E7CD4A6}
	EndGlobalSection
	GlobalSection(ExtensibilityGlobals) = postSolution
		SolutionGuid = {063830C6-E884-4B24-B59E-82CD4943D4BE}
	EndGlobalSection
EndGlobal
